
Microsoft Visual Studio Solution File, Format Version 12.00
# Visual Studio Version 17
VisualStudioVersion = 17.9.34728.123
MinimumVisualStudioVersion = 10.0.40219.1
Project("{FAE04EC0-301F-11D3-BF4B-00C04F79EFBC}") = "test", "test\test.csproj", "{DA6B9B56-E7D1-49DE-B7EF-92F21E4D5E37}"
EndProject
Global
	GlobalSection(SolutionConfigurationPlatforms) = preSolution
		Debug|Any CPU = Debug|Any CPU
		Release|Any CPU = Release|Any CPU
	EndGlobalSection
	GlobalSection(ProjectConfigurationPlatforms) = postSolution
		{DA6B9B56-E7D1-49DE-B7EF-92F21E4D5E37}.Debug|Any CPU.ActiveCfg = Debug|Any CPU
		{DA6B9B56-E7D1-49DE-B7EF-92F21E4D5E37}.Debug|Any CPU.Build.0 = Debug|Any CPU
		{DA6B9B56-E7D1-49DE-B7EF-92F21E4D5E37}.Release|Any CPU.ActiveCfg = Release|Any CPU
		{DA6B9B56-E7D1-49DE-B7EF-92F21E4D5E37}.Release|Any CPU.Build.0 = Release|Any CPU
	EndGlobalSection
	GlobalSection(SolutionProperties) = preSolution
		HideSolutionNode = FALSE
	EndGlobalSection
	GlobalSection(ExtensibilityGlobals) = postSolution
		SolutionGuid = {F4579C06-D669-4377-AE83-7CFC696FCB82}
	EndGlobalSection
EndGlobal
